
Microsoft Visual Studio Solution File, Format Version 12.00
# Visual Studio Version 17
VisualStudioVersion = 17.1.32421.90
MinimumVisualStudioVersion = 10.0.40219.1
Project("{FAE04EC0-301F-11D3-BF4B-00C04F79EFBC}") = "Attribute", "Attribute\Attribute.csproj", "{27052749-B9C2-4572-9BBE-CF4DE339C31A}"
EndProject
Global
	GlobalSection(SolutionConfigurationPlatforms) = preSolution
		Debug|Any CPU = Debug|Any CPU
		Release|Any CPU = Release|Any CPU
	EndGlobalSection
	GlobalSection(ProjectConfigurationPlatforms) = postSolution
		{27052749-B9C2-4572-9BBE-CF4DE339C31A}.Debug|Any CPU.ActiveCfg = Debug|Any CPU
		{27052749-B9C2-4572-9BBE-CF4DE339C31A}.Debug|Any CPU.Build.0 = Debug|Any CPU
		{27052749-B9C2-4572-9BBE-CF4DE339C31A}.Release|Any CPU.ActiveCfg = Release|Any CPU
		{27052749-B9C2-4572-9BBE-CF4DE339C31A}.Release|Any CPU.Build.0 = Release|Any CPU
	EndGlobalSection
	GlobalSection(SolutionProperties) = preSolution
		HideSolutionNode = FALSE
	EndGlobalSection
	GlobalSection(ExtensibilityGlobals) = postSolution
		SolutionGuid = {67CC31B9-D735-4199-9AC1-8C357C36F2E5}
	EndGlobalSection
EndGlobal
